{
  "requires": true,
  "lockfileVersion": 1,
  "dependencies": {
    "assert": {
      "version": "2.0.0",
      "resolved": "https://registry.npm.taobao.org/assert/download/assert-2.0.0.tgz",
      "requires": {
        "es6-object-assign": "^1.1.0",
        "is-nan": "^1.2.1"
      },
      "dependencies": {
        "es6-object-assign": {
          "version": "1.1.0",
          "bundled": true
        },
        "is-nan": {
          "version": "1.3.0",
          "bundled": true,
          "requires": {
            "define-properties": "^1.1.3"
          }
        },
        "object-is": {
          "version": "https://registry.npm.taobao.org/object-is/download/object-is-1.0.2.tgz?cache=0&sync_timestamp=1576479703358&other_urls=https%3A%2F%2Fregistry.npm.taobao.org%2Fobject-is%2Fdownload%2Fobject-is-1.0.2.tgz"
        },
        "util": {
          "version": "https://registry.npm.taobao.org/util/download/util-0.12.1.tgz"
        }
      }
    },
    "concat-map": {
      "version": "0.0.1",
      "resolved": "https://registry.npm.taobao.org/concat-map/download/concat-map-0.0.1.tgz",
      "integrity": "sha1-2Klr13/Wjfd5OnMDajug1UBdR3s="
    },
    "define-properties": {
      "version": "1.1.3",
      "resolved": "https://registry.npm.taobao.org/define-properties/download/define-properties-1.1.3.tgz",
      "dependencies": {
        "object-keys": {
          "version": "https://registry.npm.taobao.org/object-keys/download/object-keys-1.1.1.tgz",
          "bundled": true
        }
      }
    },
    "jest": {
      "version": "24.9.0",
      "resolved": "https://registry.npm.taobao.org/jest/download/jest-24.9.0.tgz?cache=0&other_urls=https%3A%2F%2Fregistry.npm.taobao.org%2Fjest%2Fdownload%2Fjest-24.9.0.tgz",
      "dev": true
    },
    "mocha": {
      "version": "6.2.2",
      "resolved": "https://registry.npm.taobao.org/mocha/download/mocha-6.2.2.tgz?cache=0&sync_timestamp=1571432487982&other_urls=https%3A%2F%2Fregistry.npm.taobao.org%2Fmocha%2Fdownload%2Fmocha-6.2.2.tgz",
      "requires": {
        "ansi-colors": "3.2.3",
        "he": "1.2.0",
        "log-symbols": "2.2.0",
        "node-environment-flags": "1.0.5",
        "object.assign": "4.1.0",
        "wide-align": "1.1.3"
      },
      "dependencies": {
        "ansi-colors": {
          "version": "3.2.3",
          "bundled": true
        },
        "ansi-regex": {
          "version": "3.0.0",
          "bundled": true
        },
        "ansi-styles": {
          "version": "3.2.1",
          "bundled": true
        },
        "browser-stdout": {
          "version": "https://registry.npm.taobao.org/browser-stdout/download/browser-stdout-1.3.1.tgz"
        },
        "chalk": {
          "version": "2.4.2",
          "bundled": true,
          "requires": {
            "ansi-styles": "^3.2.1",
            "supports-color": "^5.3.0"
          },
          "dependencies": {
            "supports-color": {
              "version": "5.5.0",
              "resolved": "https://registry.npm.taobao.org/supports-color/download/supports-color-5.5.0.tgz?cache=0&other_urls=https%3A%2F%2Fregistry.npm.taobao.org%2Fsupports-color%2Fdownload%2Fsupports-color-5.5.0.tgz",
              "integrity": "sha1-4uaaRKyHcveKHsCzW2id9lMO/I8=",
              "requires": {
                "has-flag": "^3.0.0"
              }
            }
          }
        },
        "debug": {
          "version": "https://registry.npm.taobao.org/debug/download/debug-3.2.6.tgz"
        },
        "diff": {
          "version": "https://registry.npm.taobao.org/diff/download/diff-3.5.0.tgz"
        },
        "es-abstract": {
          "version": "1.17.0",
          "bundled": true,
          "requires": {
            "function-bind": "^1.1.1",
            "has": "^1.0.3",
            "has-symbols": "^1.0.1",
            "is-regex": "^1.0.5",
            "object.assign": "^4.1.0",
            "string.prototype.trimleft": "^2.1.1"
          }
        },
        "escape-string-regexp": {
          "version": "https://registry.npm.taobao.org/escape-string-regexp/download/escape-string-regexp-1.0.5.tgz"
        },
        "find-up": {
          "version": "https://registry.npm.taobao.org/find-up/download/find-up-3.0.0.tgz"
        },
        "function-bind": {
          "version": "1.1.1",
          "bundled": true
        },
        "glob": {
          "version": "https://registry.npm.taobao.org/glob/download/glob-7.1.3.tgz",
          "dependencies": {
            "fs.realpath": {
              "version": "https://registry.npm.taobao.org/fs.realpath/download/fs.realpath-1.0.0.tgz",
              "bundled": true
            },
            "inflight": {
              "version": "https://registry.npm.taobao.org/inflight/download/inflight-1.0.6.tgz",
              "bundled": true,
              "dependencies": {
                "once": {
                  "version": "https://registry.npm.taobao.org/once/download/once-1.4.0.tgz"
                }
              }
            },
            "inherits": {
              "version": "https://registry.npm.taobao.org/inherits/download/inherits-2.0.4.tgz",
              "bundled": true
            },
            "minimatch": {
              "version": "https://registry.npm.taobao.org/minimatch/download/minimatch-3.0.4.tgz",
              "bundled": true
            },
            "once": {
              "version": "https://registry.npm.taobao.org/once/download/once-1.4.0.tgz",
              "bundled": true
            },
            "path-is-absolute": {
              "version": "https://registry.npm.taobao.org/path-is-absolute/download/path-is-absolute-1.0.1.tgz",
              "bundled": true
            }
          }
        },
        "growl": {
          "version": "https://registry.npm.taobao.org/growl/download/growl-1.10.5.tgz"
        },
        "has": {
          "version": "1.0.3",
          "bundled": true,
          "requires": {
            "function-bind": "^1.1.1"
          }
        },
        "has-flag": {
          "version": "3.0.0",
          "bundled": true
        },
        "has-symbols": {
          "version": "1.0.1",
          "bundled": true
        },
        "he": {
          "version": "1.2.0",
          "bundled": true
        },
        "is-fullwidth-code-point": {
          "version": "2.0.0",
          "bundled": true
        },
        "is-regex": {
          "version": "1.0.5",
          "bundled": true,
          "requires": {
            "has": "^1.0.3"
          }
        },
        "js-yaml": {
          "version": "https://registry.npm.taobao.org/js-yaml/download/js-yaml-3.13.1.tgz"
        },
        "log-symbols": {
          "version": "2.2.0",
          "bundled": true,
          "requires": {
            "chalk": "^2.0.1"
          }
        },
        "minimatch": {
          "version": "https://registry.npm.taobao.org/minimatch/download/minimatch-3.0.4.tgz",
          "dependencies": {
            "brace-expansion": {
              "version": "https://registry.npm.taobao.org/brace-expansion/download/brace-expansion-1.1.11.tgz",
              "bundled": true
            }
          }
        },
        "mkdirp": {
          "version": "https://registry.npm.taobao.org/mkdirp/download/mkdirp-0.5.1.tgz",
          "dependencies": {
            "minimist": {
              "version": "https://registry.npm.taobao.org/minimist/download/minimist-0.0.8.tgz?cache=0&other_urls=https%3A%2F%2Fregistry.npm.taobao.org%2Fminimist%2Fdownload%2Fminimist-0.0.8.tgz"
            }
          }
        },
        "ms": {
          "version": "https://registry.npm.taobao.org/ms/download/ms-2.1.1.tgz"
        },
        "node-environment-flags": {
          "version": "1.0.5",
          "bundled": true,
          "requires": {
            "object.getownpropertydescriptors": "^2.0.3",
            "semver": "^5.7.0"
          }
        },
        "object.assign": {
          "version": "4.1.0",
          "bundled": true,
          "requires": {
            "define-properties": "^1.1.2",
            "function-bind": "^1.1.1",
            "has-symbols": "^1.0.0"
          }
        },
        "object.getownpropertydescriptors": {
          "version": "2.1.0",
          "bundled": true,
          "requires": {
            "define-properties": "^1.1.3",
            "es-abstract": "^1.17.0-next.1"
          }
        },
        "semver": {
          "version": "5.7.1",
          "bundled": true
        },
        "string-width": {
          "version": "2.1.1",
          "bundled": true,
          "requires": {
            "is-fullwidth-code-point": "^2.0.0",
            "strip-ansi": "^4.0.0"
          }
        },
        "string.prototype.trimleft": {
          "version": "2.1.1",
          "bundled": true,
          "requires": {
            "define-properties": "^1.1.3",
            "function-bind": "^1.1.1"
          }
        },
        "strip-ansi": {
          "version": "4.0.0",
          "bundled": true,
          "requires": {
            "ansi-regex": "^3.0.0"
          }
        },
        "strip-json-comments": {
          "version": "https://registry.npm.taobao.org/strip-json-comments/download/strip-json-comments-2.0.1.tgz"
        },
        "supports-color": {
          "version": "https://registry.npm.taobao.org/supports-color/download/supports-color-6.0.0.tgz?cache=0&sync_timestamp=1569557239279&other_urls=https%3A%2F%2Fregistry.npm.taobao.org%2Fsupports-color%2Fdownload%2Fsupports-color-6.0.0.tgz"
        },
        "which": {
          "version": "https://registry.npm.taobao.org/which/download/which-1.3.1.tgz"
        },
        "wide-align": {
          "version": "1.1.3",
          "bundled": true,
          "requires": {
            "string-width": "^1.0.2 || 2"
          }
        },
        "yargs": {
          "version": "https://registry.npm.taobao.org/yargs/download/yargs-13.3.0.tgz"
        },
        "yargs-parser": {
          "version": "https://registry.npm.taobao.org/yargs-parser/download/yargs-parser-13.1.1.tgz",
          "dependencies": {
            "camelcase": {
              "version": "https://registry.npm.taobao.org/camelcase/download/camelcase-5.3.1.tgz"
            },
            "decamelize": {
              "version": "https://registry.npm.taobao.org/decamelize/download/decamelize-1.2.0.tgz"
            }
          }
        },
        "yargs-unparser": {
          "version": "https://registry.npm.taobao.org/yargs-unparser/download/yargs-unparser-1.6.0.tgz"
        }
      }
    }
  }
}
